PODS:
  - JKSwiftLibrary (1.0.3):
    - JKSwiftLibrary/Core (= 1.0.3)
    - JKSwiftLibrary/Extension (= 1.0.3)
  - JKSwiftLibrary/BaseClass (1.0.3):
    - JKSwiftLibrary/Core
  - JKSwiftLibrary/Core (1.0.3)
  - JKSwiftLibrary/Extension (1.0.3):
    - JKSwiftLibrary/Core

DEPENDENCIES:
  - JKSwiftLibrary (from `../`)
  - JKSwiftLibrary/BaseClass (from `../`)
  - JKSwiftLibrary/Extension (from `../`)

EXTERNAL SOURCES:
  JKSwiftLibrary:
    :path: "../"

SPEC CHECKSUMS:
  JKSwiftLibrary: 764fcf47fd3ef368ad7ceecd059a341295c9d97f

PODFILE CHECKSUM: 3dd766845cf562f49acab0629d3631c8a5a4011f

COCOAPODS: 1.11.3
